
Microsoft Visual Studio Solution File, Format Version 12.00
# Visual Studio Version 16
VisualStudioVersion = 16.0.29209.62
MinimumVisualStudioVersion = 10.0.40219.1
Project("{9A19103F-16F7-4668-BE54-9A1E7A4F7556}") = "MVC", "MVC\MVC.csproj", "{530F3750-5760-46BB-B01A-22FE498E20E4}"
	ProjectSection(ProjectDependencies) = postProject
		{F0C8A31B-7E67-443E-A35A-2C8B45E39E70} = {F0C8A31B-7E67-443E-A35A-2C8B45E39E70}
		{30F1175F-24A9-432F-A044-CB9CF461C9DD} = {30F1175F-24A9-432F-A044-CB9CF461C9DD}
		{040AF985-B07C-45D0-AEEF-49A0772CF793} = {040AF985-B07C-45D0-AEEF-49A0772CF793}
	EndProjectSection
EndProject
Project("{9A19103F-16F7-4668-BE54-9A1E7A4F7556}") = "Data.Access.Layer", "Data.Access.Layer\Data.Access.Layer.csproj", "{708B1119-433E-41EE-8280-E167ABFF13E5}"
	ProjectSection(ProjectDependencies) = postProject
		{30F1175F-24A9-432F-A044-CB9CF461C9DD} = {30F1175F-24A9-432F-A044-CB9CF461C9DD}
		{040AF985-B07C-45D0-AEEF-49A0772CF793} = {040AF985-B07C-45D0-AEEF-49A0772CF793}
	EndProjectSection
EndProject
Project("{9A19103F-16F7-4668-BE54-9A1E7A4F7556}") = "Model", "Model\Model.csproj", "{30F1175F-24A9-432F-A044-CB9CF461C9DD}"
EndProject
Project("{FAE04EC0-301F-11D3-BF4B-00C04F79EFBC}") = "Utilities", "Utilities\Utilities.csproj", "{FCBBE58A-5672-4F08-8C71-C61785343C88}"
EndProject
Project("{FAE04EC0-301F-11D3-BF4B-00C04F79EFBC}") = "Business.Logic.Layer", "Business.Logic.Layer\Business.Logic.Layer.csproj", "{772D23BA-759C-4301-94DB-5D0C361CA385}"
EndProject
Project("{FAE04EC0-301F-11D3-BF4B-00C04F79EFBC}") = "Unit.Testing", "Unit.Testing\Unit.Testing.csproj", "{E5B51CDF-C96C-47EF-B681-5C1BF69F3518}"
EndProject
Global
	GlobalSection(SolutionConfigurationPlatforms) = preSolution
		Debug|Any CPU = Debug|Any CPU
		Release|Any CPU = Release|Any CPU
	EndGlobalSection
	GlobalSection(ProjectConfigurationPlatforms) = postSolution
		{530F3750-5760-46BB-B01A-22FE498E20E4}.Debug|Any CPU.ActiveCfg = Debug|Any CPU
		{530F3750-5760-46BB-B01A-22FE498E20E4}.Debug|Any CPU.Build.0 = Debug|Any CPU
		{530F3750-5760-46BB-B01A-22FE498E20E4}.Release|Any CPU.ActiveCfg = Release|Any CPU
		{530F3750-5760-46BB-B01A-22FE498E20E4}.Release|Any CPU.Build.0 = Release|Any CPU
		{708B1119-433E-41EE-8280-E167ABFF13E5}.Debug|Any CPU.ActiveCfg = Debug|Any CPU
		{708B1119-433E-41EE-8280-E167ABFF13E5}.Debug|Any CPU.Build.0 = Debug|Any CPU
		{708B1119-433E-41EE-8280-E167ABFF13E5}.Release|Any CPU.ActiveCfg = Release|Any CPU
		{708B1119-433E-41EE-8280-E167ABFF13E5}.Release|Any CPU.Build.0 = Release|Any CPU
		{30F1175F-24A9-432F-A044-CB9CF461C9DD}.Debug|Any CPU.ActiveCfg = Debug|Any CPU
		{30F1175F-24A9-432F-A044-CB9CF461C9DD}.Debug|Any CPU.Build.0 = Debug|Any CPU
		{30F1175F-24A9-432F-A044-CB9CF461C9DD}.Release|Any CPU.ActiveCfg = Release|Any CPU
		{30F1175F-24A9-432F-A044-CB9CF461C9DD}.Release|Any CPU.Build.0 = Release|Any CPU
		{FCBBE58A-5672-4F08-8C71-C61785343C88}.Debug|Any CPU.ActiveCfg = Debug|Any CPU
		{FCBBE58A-5672-4F08-8C71-C61785343C88}.Debug|Any CPU.Build.0 = Debug|Any CPU
		{FCBBE58A-5672-4F08-8C71-C61785343C88}.Release|Any CPU.ActiveCfg = Release|Any CPU
		{FCBBE58A-5672-4F08-8C71-C61785343C88}.Release|Any CPU.Build.0 = Release|Any CPU
		{772D23BA-759C-4301-94DB-5D0C361CA385}.Debug|Any CPU.ActiveCfg = Debug|Any CPU
		{772D23BA-759C-4301-94DB-5D0C361CA385}.Debug|Any CPU.Build.0 = Debug|Any CPU
		{772D23BA-759C-4301-94DB-5D0C361CA385}.Release|Any CPU.ActiveCfg = Release|Any CPU
		{772D23BA-759C-4301-94DB-5D0C361CA385}.Release|Any CPU.Build.0 = Release|Any CPU
		{E5B51CDF-C96C-47EF-B681-5C1BF69F3518}.Debug|Any CPU.ActiveCfg = Debug|Any CPU
		{E5B51CDF-C96C-47EF-B681-5C1BF69F3518}.Debug|Any CPU.Build.0 = Debug|Any CPU
		{E5B51CDF-C96C-47EF-B681-5C1BF69F3518}.Release|Any CPU.ActiveCfg = Release|Any CPU
		{E5B51CDF-C96C-47EF-B681-5C1BF69F3518}.Release|Any CPU.Build.0 = Release|Any CPU
	EndGlobalSection
	GlobalSection(SolutionProperties) = preSolution
		HideSolutionNode = FALSE
	EndGlobalSection
	GlobalSection(ExtensibilityGlobals) = postSolution
		SolutionGuid = {C5FAA1CD-D8B3-40A2-8200-5CC6A33E6012}
	EndGlobalSection
EndGlobal
