
Microsoft Visual Studio Solution File, Format Version 12.00
# Visual Studio Version 16
VisualStudioVersion = 16.0.29209.62
MinimumVisualStudioVersion = 10.0.40219.1
Project("{FAE04EC0-301F-11D3-BF4B-00C04F79EFBC}") = "Vy_TicketPurchase_Core", "Vy_TicketPurchase_Core\Vy_TicketPurchase_Core.csproj", "{2BABDDC7-C30F-4DD3-95D1-15B4E1B9F46C}"
EndProject
Global
	GlobalSection(SolutionConfigurationPlatforms) = preSolution
		Debug|Any CPU = Debug|Any CPU
		Release|Any CPU = Release|Any CPU
	EndGlobalSection
	GlobalSection(ProjectConfigurationPlatforms) = postSolution
		{2BABDDC7-C30F-4DD3-95D1-15B4E1B9F46C}.Debug|Any CPU.ActiveCfg = Debug|Any CPU
		{2BABDDC7-C30F-4DD3-95D1-15B4E1B9F46C}.Debug|Any CPU.Build.0 = Debug|Any CPU
		{2BABDDC7-C30F-4DD3-95D1-15B4E1B9F46C}.Release|Any CPU.ActiveCfg = Release|Any CPU
		{2BABDDC7-C30F-4DD3-95D1-15B4E1B9F46C}.Release|Any CPU.Build.0 = Release|Any CPU
	EndGlobalSection
	GlobalSection(SolutionProperties) = preSolution
		HideSolutionNode = FALSE
	EndGlobalSection
	GlobalSection(ExtensibilityGlobals) = postSolution
		SolutionGuid = {F8D3C328-8784-4643-AB49-43EFB2E366D9}
	EndGlobalSection
EndGlobal
