
Microsoft Visual Studio Solution File, Format Version 12.00
# Visual Studio Version 16
VisualStudioVersion = 16.0.29209.62
MinimumVisualStudioVersion = 10.0.40219.1
Project("{FAE04EC0-301F-11D3-BF4B-00C04F79EFBC}") = "Vy_TicketPurchace_Core", "Vy_TicketPurchace_Core\Vy_TicketPurchace_Core.csproj", "{57B31231-50A5-48BF-A070-487F483ED32F}"
EndProject
Global
	GlobalSection(SolutionConfigurationPlatforms) = preSolution
		Debug|Any CPU = Debug|Any CPU
		Release|Any CPU = Release|Any CPU
	EndGlobalSection
	GlobalSection(ProjectConfigurationPlatforms) = postSolution
		{57B31231-50A5-48BF-A070-487F483ED32F}.Debug|Any CPU.ActiveCfg = Debug|Any CPU
		{57B31231-50A5-48BF-A070-487F483ED32F}.Debug|Any CPU.Build.0 = Debug|Any CPU
		{57B31231-50A5-48BF-A070-487F483ED32F}.Release|Any CPU.ActiveCfg = Release|Any CPU
		{57B31231-50A5-48BF-A070-487F483ED32F}.Release|Any CPU.Build.0 = Release|Any CPU
	EndGlobalSection
	GlobalSection(SolutionProperties) = preSolution
		HideSolutionNode = FALSE
	EndGlobalSection
	GlobalSection(ExtensibilityGlobals) = postSolution
		SolutionGuid = {22790B38-378C-41CB-B54B-F4502D6B7A16}
	EndGlobalSection
EndGlobal
